hash: bf9b4630e4021eed7e1885324c4706f11e955a7338562df6efd54aeb46982fee
updated: 2016-11-16T00:17:45.221134892+01:00
imports:
- name: github.com/daneharrigan/hipchat
  version: 72d3408f603376fabb806a86b85be5099e7bbdb5
  subpackages:
  - xmpp
- name: github.com/thoj/go-ircevent
  version: a6b1561a016c2a4aae183c3ef152c25d134c095d
testImports: []
